// !$*UTF8*$!
{
	archiveVersion = 1;
	classes = {
	};
	objectVersion = 51;
	objects = {

/* Begin PBXBuildFile section */
		2C08384B24C4C273002898AF /* MainSpec.swift in Sources */ = {isa = PBXBuildFile; fileRef = 2C08384A24C4C273002898AF /* MainSpec.swift */; };
		2C08384E24C4C357002898AF /* RandomUsers.ok.json in Resources */ = {isa = PBXBuildFile; fileRef = 2C08384D24C4C357002898AF /* RandomUsers.ok.json */; };
		2C08385124C4C390002898AF /* Fixture.swift in Sources */ = {isa = PBXBuildFile; fileRef = 2C08385024C4C390002898AF /* Fixture.swift */; };
		2C2C2A9F24C1997D00EC9652 /* AppDelegate.swift in Sources */ = {isa = PBXBuildFile; fileRef = 2C2C2A9E24C1997D00EC9652 /* AppDelegate.swift */; };
		2C2C2AA124C1997D00EC9652 /* SceneDelegate.swift in Sources */ = {isa = PBXBuildFile; fileRef = 2C2C2AA024C1997D00EC9652 /* SceneDelegate.swift */; };
		2C2C2AA824C1997F00EC9652 /* Assets.xcassets in Resources */ = {isa = PBXBuildFile; fileRef = 2C2C2AA724C1997F00EC9652 /* Assets.xcassets */; };
		2C2C2AAB24C1997F00EC9652 /* LaunchScreen.storyboard in Resources */ = {isa = PBXBuildFile; fileRef = 2C2C2AA924C1997F00EC9652 /* LaunchScreen.storyboard */; };
		2C9F145E24C6E8EF001CF10E /* Array+RemoveDuplicates.swift in Sources */ = {isa = PBXBuildFile; fileRef = 2C9F145D24C6E8EF001CF10E /* Array+RemoveDuplicates.swift */; };
		2C9F146124C6EC01001CF10E /* Fontsize.swift in Sources */ = {isa = PBXBuildFile; fileRef = 2C9F146024C6EC01001CF10E /* Fontsize.swift */; };
		2C9F146324C6EC12001CF10E /* View.swift in Sources */ = {isa = PBXBuildFile; fileRef = 2C9F146224C6EC12001CF10E /* View.swift */; };
		2C9F146524C6EC6A001CF10E /* TableViewCell.swift in Sources */ = {isa = PBXBuildFile; fileRef = 2C9F146424C6EC6A001CF10E /* TableViewCell.swift */; };
		2C9F146724C6EC8A001CF10E /* TableViewCell+ReuseIdentifier.swift in Sources */ = {isa = PBXBuildFile; fileRef = 2C9F146624C6EC8A001CF10E /* TableViewCell+ReuseIdentifier.swift */; };
		2C9F146924C6EEC9001CF10E /* Spacing.swift in Sources */ = {isa = PBXBuildFile; fileRef = 2C9F146824C6EEC9001CF10E /* Spacing.swift */; };
		2C9F146B24C6F122001CF10E /* UIViewController+Loading.swift in Sources */ = {isa = PBXBuildFile; fileRef = 2C9F146A24C6F122001CF10E /* UIViewController+Loading.swift */; };
		2C9F146D24C6F3CB001CF10E /* UIViewController+ShowErrorMessage.swift in Sources */ = {isa = PBXBuildFile; fileRef = 2C9F146C24C6F3CB001CF10E /* UIViewController+ShowErrorMessage.swift */; };
		2C9F146F24C6F5E1001CF10E /* UIColor+HexColor.swift in Sources */ = {isa = PBXBuildFile; fileRef = 2C9F146E24C6F5E1001CF10E /* UIColor+HexColor.swift */; };
		2CCDDF1224C48F9800FA1660 /* Assembly.swift in Sources */ = {isa = PBXBuildFile; fileRef = 2CCDDF1124C48F9800FA1660 /* Assembly.swift */; };
		2CCDDF1F24C4902800FA1660 /* Assembly+getListViewController.swift in Sources */ = {isa = PBXBuildFile; fileRef = 2CCDDF1524C4902800FA1660 /* Assembly+getListViewController.swift */; };
		2CCDDF2024C4902800FA1660 /* ListNavigator.swift in Sources */ = {isa = PBXBuildFile; fileRef = 2CCDDF1624C4902800FA1660 /* ListNavigator.swift */; };
		2CCDDF2124C4902800FA1660 /* ListPresenter.swift in Sources */ = {isa = PBXBuildFile; fileRef = 2CCDDF1724C4902800FA1660 /* ListPresenter.swift */; };
		2CCDDF2224C4902800FA1660 /* ListViewController.swift in Sources */ = {isa = PBXBuildFile; fileRef = 2CCDDF1824C4902800FA1660 /* ListViewController.swift */; };
		2CCDDF2324C4902800FA1660 /* DefaultListInteractor.swift in Sources */ = {isa = PBXBuildFile; fileRef = 2CCDDF1924C4902800FA1660 /* DefaultListInteractor.swift */; };
		2CCDDF2424C4902800FA1660 /* ListInteractor.swift in Sources */ = {isa = PBXBuildFile; fileRef = 2CCDDF1A24C4902800FA1660 /* ListInteractor.swift */; };
		2CCDDF2524C4902800FA1660 /* DefaultListNavigator.swift in Sources */ = {isa = PBXBuildFile; fileRef = 2CCDDF1B24C4902800FA1660 /* DefaultListNavigator.swift */; };
		2CCDDF2624C4902800FA1660 /* ListView.swift in Sources */ = {isa = PBXBuildFile; fileRef = 2CCDDF1C24C4902800FA1660 /* ListView.swift */; };
		2CCDDF2724C4902800FA1660 /* ListUI.swift in Sources */ = {isa = PBXBuildFile; fileRef = 2CCDDF1D24C4902800FA1660 /* ListUI.swift */; };
		2CCDDF2824C4902800FA1660 /* DefaultListPresenter.swift in Sources */ = {isa = PBXBuildFile; fileRef = 2CCDDF1E24C4902800FA1660 /* DefaultListPresenter.swift */; };
		2CCDDF3324C496D600FA1660 /* AutoMockable.swift in Sources */ = {isa = PBXBuildFile; fileRef = 2CCDDF3224C496D600FA1660 /* AutoMockable.swift */; };
		2CCDDF3A24C49AA000FA1660 /* AutoMockable.generated.swift in Sources */ = {isa = PBXBuildFile; fileRef = 2CCDDF3924C49AA000FA1660 /* AutoMockable.generated.swift */; };
		2CCDDF4224C49E7300FA1660 /* NetworkAssembly.swift in Sources */ = {isa = PBXBuildFile; fileRef = 2CCDDF4124C49E7300FA1660 /* NetworkAssembly.swift */; };
		2CCDDF4424C49E8A00FA1660 /* NetworkAssembly+Moya.swift in Sources */ = {isa = PBXBuildFile; fileRef = 2CCDDF4324C49E8A00FA1660 /* NetworkAssembly+Moya.swift */; };
		2CCDDF4624C49EA700FA1660 /* NetworkAssembly+ErrorAdapter.swift in Sources */ = {isa = PBXBuildFile; fileRef = 2CCDDF4524C49EA700FA1660 /* NetworkAssembly+ErrorAdapter.swift */; };
		2CCDDF4924C49ED800FA1660 /* DefaultErrorAdapter.swift in Sources */ = {isa = PBXBuildFile; fileRef = 2CCDDF4824C49ED800FA1660 /* DefaultErrorAdapter.swift */; };
		2CCDDF4B24C49F0900FA1660 /* ErrorAdapter.swift in Sources */ = {isa = PBXBuildFile; fileRef = 2CCDDF4A24C49F0900FA1660 /* ErrorAdapter.swift */; };
		2CCDDF4D24C49F2C00FA1660 /* Error+Message.swift in Sources */ = {isa = PBXBuildFile; fileRef = 2CCDDF4C24C49F2C00FA1660 /* Error+Message.swift */; };
		2CCDDF4F24C49F6600FA1660 /* Service.swift in Sources */ = {isa = PBXBuildFile; fileRef = 2CCDDF4E24C49F6600FA1660 /* Service.swift */; };
		2CCDDF5124C49F7500FA1660 /* PrimitiveSequence+CustomError.swift in Sources */ = {isa = PBXBuildFile; fileRef = 2CCDDF5024C49F7500FA1660 /* PrimitiveSequence+CustomError.swift */; };
		2CCDDF5324C49F8300FA1660 /* TargetType+Default.swift in Sources */ = {isa = PBXBuildFile; fileRef = 2CCDDF5224C49F8300FA1660 /* TargetType+Default.swift */; };
		2CCDDF5524C4A0E300FA1660 /* Endpoint.swift in Sources */ = {isa = PBXBuildFile; fileRef = 2CCDDF5424C4A0E300FA1660 /* Endpoint.swift */; };
		2CCDDF5724C4A0FD00FA1660 /* Mappable.swift in Sources */ = {isa = PBXBuildFile; fileRef = 2CCDDF5624C4A0FD00FA1660 /* Mappable.swift */; };
		2CCDDF5B24C4A4B900FA1660 /* NetworkAssembly+Services.swift in Sources */ = {isa = PBXBuildFile; fileRef = 2CCDDF5A24C4A4B900FA1660 /* NetworkAssembly+Services.swift */; };
		2CCDDF6224C4A55F00FA1660 /* MainDataSource.swift in Sources */ = {isa = PBXBuildFile; fileRef = 2CCDDF6124C4A55F00FA1660 /* MainDataSource.swift */; };
		2CCDDF6824C4A5D500FA1660 /* UserApiResponse.swift in Sources */ = {isa = PBXBuildFile; fileRef = 2CCDDF6724C4A5D500FA1660 /* UserApiResponse.swift */; };
		2CCDDF6A24C4A9F500FA1660 /* RandomUsersApiResponse.swift in Sources */ = {isa = PBXBuildFile; fileRef = 2CCDDF6924C4A9F500FA1660 /* RandomUsersApiResponse.swift */; };
		2CCDDF6C24C4AA6D00FA1660 /* RandomUsersRequest.swift in Sources */ = {isa = PBXBuildFile; fileRef = 2CCDDF6B24C4AA6D00FA1660 /* RandomUsersRequest.swift */; };
		2CCDDF6E24C4AB2D00FA1660 /* RandomUsersEndpoint.swift in Sources */ = {isa = PBXBuildFile; fileRef = 2CCDDF6D24C4AB2D00FA1660 /* RandomUsersEndpoint.swift */; };
		2CCDDF7024C4AB9C00FA1660 /* MainService.swift in Sources */ = {isa = PBXBuildFile; fileRef = 2CCDDF6F24C4AB9C00FA1660 /* MainService.swift */; };
		2CCDDF7524C4AD1600FA1660 /* RandomUsersApiToDomainMapper.swift in Sources */ = {isa = PBXBuildFile; fileRef = 2CCDDF7424C4AD1600FA1660 /* RandomUsersApiToDomainMapper.swift */; };
		2CCDDF7724C4AD3700FA1660 /* User.swift in Sources */ = {isa = PBXBuildFile; fileRef = 2CCDDF7624C4AD3700FA1660 /* User.swift */; };
		2CCDDF7A24C4B3CE00FA1660 /* String+MapToDateString.swift in Sources */ = {isa = PBXBuildFile; fileRef = 2CCDDF7924C4B3CE00FA1660 /* String+MapToDateString.swift */; };
		2CCDDF7C24C4B4D500FA1660 /* GetRandomUsersUseCase.swift in Sources */ = {isa = PBXBuildFile; fileRef = 2CCDDF7B24C4B4D500FA1660 /* GetRandomUsersUseCase.swift */; };
		2CCDDF7E24C4B52F00FA1660 /* GetRandomUsers.swift in Sources */ = {isa = PBXBuildFile; fileRef = 2CCDDF7D24C4B52F00FA1660 /* GetRandomUsers.swift */; };
		2CCDDF8024C4B57300FA1660 /* MainRepository.swift in Sources */ = {isa = PBXBuildFile; fileRef = 2CCDDF7F24C4B57300FA1660 /* MainRepository.swift */; };
		2CCDDF8324C4B64000FA1660 /* MainApiDataSource.swift in Sources */ = {isa = PBXBuildFile; fileRef = 2CCDDF8224C4B64000FA1660 /* MainApiDataSource.swift */; };
		53D5F5C7A720BAFC558ED5D0 /* Pods_RandomUsersListTests.framework in Frameworks */ = {isa = PBXBuildFile; fileRef = AD5633344A8C40A4729A7022 /* Pods_RandomUsersListTests.framework */; };
		C32A596D264F46F3928B1016 /* Pods_RandomUsersList.framework in Frameworks */ = {isa = PBXBuildFile; fileRef = C63428E2A2B85AF52CEE2EBB /* Pods_RandomUsersList.framework */; };
/* End PBXBuildFile section */

/* Begin PBXContainerItemProxy section */
		2C2C2AB224C1997F00EC9652 /* PBXContainerItemProxy */ = {
			isa = PBXContainerItemProxy;
			containerPortal = 2C2C2A9324C1997C00EC9652 /* Project object */;
			proxyType = 1;
			remoteGlobalIDString = 2C2C2A9A24C1997C00EC9652;
			remoteInfo = RandomUsersList;
		};
/* End PBXContainerItemProxy section */

/* Begin PBXFileReference section */
		16799DCDE977C6E1C1FFCF5C /* Pods-RandomUsersListTests.release.xcconfig */ = {isa = PBXFileReference; includeInIndex = 1; lastKnownFileType = text.xcconfig; name = "Pods-RandomUsersListTests.release.xcconfig"; path = "Target Support Files/Pods-RandomUsersListTests/Pods-RandomUsersListTests.release.xcconfig"; sourceTree = "<group>"; };
		16F52A246CA6B486DE4D9AB3 /* Pods-RandomUsersListTests.debug.xcconfig */ = {isa = PBXFileReference; includeInIndex = 1; lastKnownFileType = text.xcconfig; name = "Pods-RandomUsersListTests.debug.xcconfig"; path = "Target Support Files/Pods-RandomUsersListTests/Pods-RandomUsersListTests.debug.xcconfig"; sourceTree = "<group>"; };
		2C08384A24C4C273002898AF /* MainSpec.swift */ = {isa = PBXFileReference; lastKnownFileType = sourcecode.swift; path = MainSpec.swift; sourceTree = "<group>"; };
		2C08384D24C4C357002898AF /* RandomUsers.ok.json */ = {isa = PBXFileReference; lastKnownFileType = text.json; path = RandomUsers.ok.json; sourceTree = "<group>"; };
		2C08385024C4C390002898AF /* Fixture.swift */ = {isa = PBXFileReference; lastKnownFileType = sourcecode.swift; path = Fixture.swift; sourceTree = "<group>"; };
		2C2C2A9B24C1997D00EC9652 /* RandomUsersList.app */ = {isa = PBXFileReference; explicitFileType = wrapper.application; includeInIndex = 0; path = RandomUsersList.app; sourceTree = BUILT_PRODUCTS_DIR; };
		2C2C2A9E24C1997D00EC9652 /* AppDelegate.swift */ = {isa = PBXFileReference; lastKnownFileType = sourcecode.swift; path = AppDelegate.swift; sourceTree = "<group>"; };
		2C2C2AA024C1997D00EC9652 /* SceneDelegate.swift */ = {isa = PBXFileReference; lastKnownFileType = sourcecode.swift; path = SceneDelegate.swift; sourceTree = "<group>"; };
		2C2C2AA724C1997F00EC9652 /* Assets.xcassets */ = {isa = PBXFileReference; lastKnownFileType = folder.assetcatalog; path = Assets.xcassets; sourceTree = "<group>"; };
		2C2C2AAA24C1997F00EC9652 /* Base */ = {isa = PBXFileReference; lastKnownFileType = file.storyboard; name = Base; path = Base.lproj/LaunchScreen.storyboard; sourceTree = "<group>"; };
		2C2C2AAC24C1997F00EC9652 /* Info.plist */ = {isa = PBXFileReference; lastKnownFileType = text.plist.xml; path = Info.plist; sourceTree = "<group>"; };
		2C2C2AB124C1997F00EC9652 /* RandomUsersListTests.xctest */ = {isa = PBXFileReference; explicitFileType = wrapper.cfbundle; includeInIndex = 0; path = RandomUsersListTests.xctest; sourceTree = BUILT_PRODUCTS_DIR; };
		2C2C2AB724C1997F00EC9652 /* Info.plist */ = {isa = PBXFileReference; lastKnownFileType = text.plist.xml; path = Info.plist; sourceTree = "<group>"; };
		2C34FCFECF29693F61DBCC30 /* Pods-RandomUsersList.debug.xcconfig */ = {isa = PBXFileReference; includeInIndex = 1; lastKnownFileType = text.xcconfig; name = "Pods-RandomUsersList.debug.xcconfig"; path = "Target Support Files/Pods-RandomUsersList/Pods-RandomUsersList.debug.xcconfig"; sourceTree = "<group>"; };
		2C9F145D24C6E8EF001CF10E /* Array+RemoveDuplicates.swift */ = {isa = PBXFileReference; lastKnownFileType = sourcecode.swift; path = "Array+RemoveDuplicates.swift"; sourceTree = "<group>"; };
		2C9F146024C6EC01001CF10E /* Fontsize.swift */ = {isa = PBXFileReference; lastKnownFileType = sourcecode.swift; path = Fontsize.swift; sourceTree = "<group>"; };
		2C9F146224C6EC12001CF10E /* View.swift */ = {isa = PBXFileReference; lastKnownFileType = sourcecode.swift; path = View.swift; sourceTree = "<group>"; };
		2C9F146424C6EC6A001CF10E /* TableViewCell.swift */ = {isa = PBXFileReference; lastKnownFileType = sourcecode.swift; path = TableViewCell.swift; sourceTree = "<group>"; };
		2C9F146624C6EC8A001CF10E /* TableViewCell+ReuseIdentifier.swift */ = {isa = PBXFileReference; lastKnownFileType = sourcecode.swift; path = "TableViewCell+ReuseIdentifier.swift"; sourceTree = "<group>"; };
		2C9F146824C6EEC9001CF10E /* Spacing.swift */ = {isa = PBXFileReference; lastKnownFileType = sourcecode.swift; path = Spacing.swift; sourceTree = "<group>"; };
		2C9F146A24C6F122001CF10E /* UIViewController+Loading.swift */ = {isa = PBXFileReference; lastKnownFileType = sourcecode.swift; path = "UIViewController+Loading.swift"; sourceTree = "<group>"; };
		2C9F146C24C6F3CB001CF10E /* UIViewController+ShowErrorMessage.swift */ = {isa = PBXFileReference; lastKnownFileType = sourcecode.swift; path = "UIViewController+ShowErrorMessage.swift"; sourceTree = "<group>"; };
		2C9F146E24C6F5E1001CF10E /* UIColor+HexColor.swift */ = {isa = PBXFileReference; lastKnownFileType = sourcecode.swift; path = "UIColor+HexColor.swift"; sourceTree = "<group>"; };
		2CCDDF1124C48F9800FA1660 /* Assembly.swift */ = {isa = PBXFileReference; lastKnownFileType = sourcecode.swift; path = Assembly.swift; sourceTree = "<group>"; };
		2CCDDF1524C4902800FA1660 /* Assembly+getListViewController.swift */ = {isa = PBXFileReference; lastKnownFileType = sourcecode.swift; path = "Assembly+getListViewController.swift"; sourceTree = "<group>"; };
		2CCDDF1624C4902800FA1660 /* ListNavigator.swift */ = {isa = PBXFileReference; lastKnownFileType = sourcecode.swift; path = ListNavigator.swift; sourceTree = "<group>"; };
		2CCDDF1724C4902800FA1660 /* ListPresenter.swift */ = {isa = PBXFileReference; lastKnownFileType = sourcecode.swift; path = ListPresenter.swift; sourceTree = "<group>"; };
		2CCDDF1824C4902800FA1660 /* ListViewController.swift */ = {isa = PBXFileReference; lastKnownFileType = sourcecode.swift; path = ListViewController.swift; sourceTree = "<group>"; };
		2CCDDF1924C4902800FA1660 /* DefaultListInteractor.swift */ = {isa = PBXFileReference; lastKnownFileType = sourcecode.swift; path = DefaultListInteractor.swift; sourceTree = "<group>"; };
		2CCDDF1A24C4902800FA1660 /* ListInteractor.swift */ = {isa = PBXFileReference; lastKnownFileType = sourcecode.swift; path = ListInteractor.swift; sourceTree = "<group>"; };
		2CCDDF1B24C4902800FA1660 /* DefaultListNavigator.swift */ = {isa = PBXFileReference; lastKnownFileType = sourcecode.swift; path = DefaultListNavigator.swift; sourceTree = "<group>"; };
		2CCDDF1C24C4902800FA1660 /* ListView.swift */ = {isa = PBXFileReference; lastKnownFileType = sourcecode.swift; path = ListView.swift; sourceTree = "<group>"; };
		2CCDDF1D24C4902800FA1660 /* ListUI.swift */ = {isa = PBXFileReference; lastKnownFileType = sourcecode.swift; path = ListUI.swift; sourceTree = "<group>"; };
		2CCDDF1E24C4902800FA1660 /* DefaultListPresenter.swift */ = {isa = PBXFileReference; lastKnownFileType = sourcecode.swift; path = DefaultListPresenter.swift; sourceTree = "<group>"; };
		2CCDDF3224C496D600FA1660 /* AutoMockable.swift */ = {isa = PBXFileReference; lastKnownFileType = sourcecode.swift; path = AutoMockable.swift; sourceTree = "<group>"; };
		2CCDDF3924C49AA000FA1660 /* AutoMockable.generated.swift */ = {isa = PBXFileReference; fileEncoding = 4; lastKnownFileType = sourcecode.swift; path = AutoMockable.generated.swift; sourceTree = "<group>"; };
		2CCDDF4124C49E7300FA1660 /* NetworkAssembly.swift */ = {isa = PBXFileReference; lastKnownFileType = sourcecode.swift; path = NetworkAssembly.swift; sourceTree = "<group>"; };
		2CCDDF4324C49E8A00FA1660 /* NetworkAssembly+Moya.swift */ = {isa = PBXFileReference; lastKnownFileType = sourcecode.swift; path = "NetworkAssembly+Moya.swift"; sourceTree = "<group>"; };
		2CCDDF4524C49EA700FA1660 /* NetworkAssembly+ErrorAdapter.swift */ = {isa = PBXFileReference; lastKnownFileType = sourcecode.swift; path = "NetworkAssembly+ErrorAdapter.swift"; sourceTree = "<group>"; };
		2CCDDF4824C49ED800FA1660 /* DefaultErrorAdapter.swift */ = {isa = PBXFileReference; lastKnownFileType = sourcecode.swift; path = DefaultErrorAdapter.swift; sourceTree = "<group>"; };
		2CCDDF4A24C49F0900FA1660 /* ErrorAdapter.swift */ = {isa = PBXFileReference; lastKnownFileType = sourcecode.swift; path = ErrorAdapter.swift; sourceTree = "<group>"; };
		2CCDDF4C24C49F2C00FA1660 /* Error+Message.swift */ = {isa = PBXFileReference; lastKnownFileType = sourcecode.swift; path = "Error+Message.swift"; sourceTree = "<group>"; };
		2CCDDF4E24C49F6600FA1660 /* Service.swift */ = {isa = PBXFileReference; lastKnownFileType = sourcecode.swift; path = Service.swift; sourceTree = "<group>"; };
		2CCDDF5024C49F7500FA1660 /* PrimitiveSequence+CustomError.swift */ = {isa = PBXFileReference; lastKnownFileType = sourcecode.swift; path = "PrimitiveSequence+CustomError.swift"; sourceTree = "<group>"; };
		2CCDDF5224C49F8300FA1660 /* TargetType+Default.swift */ = {isa = PBXFileReference; lastKnownFileType = sourcecode.swift; path = "TargetType+Default.swift"; sourceTree = "<group>"; };
		2CCDDF5424C4A0E300FA1660 /* Endpoint.swift */ = {isa = PBXFileReference; lastKnownFileType = sourcecode.swift; path = Endpoint.swift; sourceTree = "<group>"; };
		2CCDDF5624C4A0FD00FA1660 /* Mappable.swift */ = {isa = PBXFileReference; lastKnownFileType = sourcecode.swift; path = Mappable.swift; sourceTree = "<group>"; };
		2CCDDF5A24C4A4B900FA1660 /* NetworkAssembly+Services.swift */ = {isa = PBXFileReference; lastKnownFileType = sourcecode.swift; path = "NetworkAssembly+Services.swift"; sourceTree = "<group>"; };
		2CCDDF6124C4A55F00FA1660 /* MainDataSource.swift */ = {isa = PBXFileReference; lastKnownFileType = sourcecode.swift; path = MainDataSource.swift; sourceTree = "<group>"; };
		2CCDDF6724C4A5D500FA1660 /* UserApiResponse.swift */ = {isa = PBXFileReference; lastKnownFileType = sourcecode.swift; path = UserApiResponse.swift; sourceTree = "<group>"; };
		2CCDDF6924C4A9F500FA1660 /* RandomUsersApiResponse.swift */ = {isa = PBXFileReference; lastKnownFileType = sourcecode.swift; path = RandomUsersApiResponse.swift; sourceTree = "<group>"; };
		2CCDDF6B24C4AA6D00FA1660 /* RandomUsersRequest.swift */ = {isa = PBXFileReference; lastKnownFileType = sourcecode.swift; path = RandomUsersRequest.swift; sourceTree = "<group>"; };
		2CCDDF6D24C4AB2D00FA1660 /* RandomUsersEndpoint.swift */ = {isa = PBXFileReference; lastKnownFileType = sourcecode.swift; path = RandomUsersEndpoint.swift; sourceTree = "<group>"; };
		2CCDDF6F24C4AB9C00FA1660 /* MainService.swift */ = {isa = PBXFileReference; lastKnownFileType = sourcecode.swift; path = MainService.swift; sourceTree = "<group>"; };
		2CCDDF7424C4AD1600FA1660 /* RandomUsersApiToDomainMapper.swift */ = {isa = PBXFileReference; lastKnownFileType = sourcecode.swift; path = RandomUsersApiToDomainMapper.swift; sourceTree = "<group>"; };
		2CCDDF7624C4AD3700FA1660 /* User.swift */ = {isa = PBXFileReference; lastKnownFileType = sourcecode.swift; path = User.swift; sourceTree = "<group>"; };
		2CCDDF7924C4B3CE00FA1660 /* String+MapToDateString.swift */ = {isa = PBXFileReference; lastKnownFileType = sourcecode.swift; path = "String+MapToDateString.swift"; sourceTree = "<group>"; };
		2CCDDF7B24C4B4D500FA1660 /* GetRandomUsersUseCase.swift */ = {isa = PBXFileReference; lastKnownFileType = sourcecode.swift; path = GetRandomUsersUseCase.swift; sourceTree = "<group>"; };
		2CCDDF7D24C4B52F00FA1660 /* GetRandomUsers.swift */ = {isa = PBXFileReference; lastKnownFileType = sourcecode.swift; path = GetRandomUsers.swift; sourceTree = "<group>"; };
		2CCDDF7F24C4B57300FA1660 /* MainRepository.swift */ = {isa = PBXFileReference; lastKnownFileType = sourcecode.swift; path = MainRepository.swift; sourceTree = "<group>"; };
		2CCDDF8224C4B64000FA1660 /* MainApiDataSource.swift */ = {isa = PBXFileReference; lastKnownFileType = sourcecode.swift; path = MainApiDataSource.swift; sourceTree = "<group>"; };
		AD5633344A8C40A4729A7022 /* Pods_RandomUsersListTests.framework */ = {isa = PBXFileReference; explicitFileType = wrapper.framework; includeInIndex = 0; path = Pods_RandomUsersListTests.framework; sourceTree = BUILT_PRODUCTS_DIR; };
		C63428E2A2B85AF52CEE2EBB /* Pods_RandomUsersList.framework */ = {isa = PBXFileReference; explicitFileType = wrapper.framework; includeInIndex = 0; path = Pods_RandomUsersList.framework; sourceTree = BUILT_PRODUCTS_DIR; };
		F6DDC68C7633A5E7F57D2932 /* Pods-RandomUsersList.release.xcconfig */ = {isa = PBXFileReference; includeInIndex = 1; lastKnownFileType = text.xcconfig; name = "Pods-RandomUsersList.release.xcconfig"; path = "Target Support Files/Pods-RandomUsersList/Pods-RandomUsersList.release.xcconfig"; sourceTree = "<group>"; };
/* End PBXFileReference section */

/* Begin PBXFrameworksBuildPhase section */
		2C2C2A9824C1997C00EC9652 /* Frameworks */ = {
			isa = PBXFrameworksBuildPhase;
			buildActionMask = 2147483647;
			files = (
				C32A596D264F46F3928B1016 /* Pods_RandomUsersList.framework in Frameworks */,
			);
			runOnlyForDeploymentPostprocessing = 0;
		};
		2C2C2AAE24C1997F00EC9652 /* Frameworks */ = {
			isa = PBXFrameworksBuildPhase;
			buildActionMask = 2147483647;
			files = (
				53D5F5C7A720BAFC558ED5D0 /* Pods_RandomUsersListTests.framework in Frameworks */,
			);
			runOnlyForDeploymentPostprocessing = 0;
		};
/* End PBXFrameworksBuildPhase section */

/* Begin PBXGroup section */
		244CC179B6C1B6A0EA0EA0CC /* Frameworks */ = {
			isa = PBXGroup;
			children = (
				C63428E2A2B85AF52CEE2EBB /* Pods_RandomUsersList.framework */,
				AD5633344A8C40A4729A7022 /* Pods_RandomUsersListTests.framework */,
			);
			name = Frameworks;
			sourceTree = "<group>";
		};
		2C08384824C4C24A002898AF /* Network */ = {
			isa = PBXGroup;
			children = (
				2C08384924C4C260002898AF /* Main */,
			);
			path = Network;
			sourceTree = "<group>";
		};
		2C08384924C4C260002898AF /* Main */ = {
			isa = PBXGroup;
			children = (
				2C08384A24C4C273002898AF /* MainSpec.swift */,
				2C08384C24C4C339002898AF /* Fixtures */,
			);
			path = Main;
			sourceTree = "<group>";
		};
		2C08384C24C4C339002898AF /* Fixtures */ = {
			isa = PBXGroup;
			children = (
				2C08384D24C4C357002898AF /* RandomUsers.ok.json */,
			);
			path = Fixtures;
			sourceTree = "<group>";
		};
		2C08384F24C4C381002898AF /* Utils */ = {
			isa = PBXGroup;
			children = (
				2C08385024C4C390002898AF /* Fixture.swift */,
			);
			path = Utils;
			sourceTree = "<group>";
		};
		2C2C2A9224C1997C00EC9652 = {
			isa = PBXGroup;
			children = (
				2C2C2A9D24C1997D00EC9652 /* RandomUsersList */,
				2C2C2AB424C1997F00EC9652 /* RandomUsersListTests */,
				2C2C2A9C24C1997D00EC9652 /* Products */,
				BA78DC48818008AA50C33279 /* Pods */,
				244CC179B6C1B6A0EA0EA0CC /* Frameworks */,
			);
			sourceTree = "<group>";
		};
		2C2C2A9C24C1997D00EC9652 /* Products */ = {
			isa = PBXGroup;
			children = (
				2C2C2A9B24C1997D00EC9652 /* RandomUsersList.app */,
				2C2C2AB124C1997F00EC9652 /* RandomUsersListTests.xctest */,
			);
			name = Products;
			sourceTree = "<group>";
		};
		2C2C2A9D24C1997D00EC9652 /* RandomUsersList */ = {
			isa = PBXGroup;
			children = (
				2CCDDF0F24C48F5200FA1660 /* Core */,
				2CCDDF1324C48FC100FA1660 /* Features */,
				2CCDDF5824C4A44C00FA1660 /* NetworkLayer */,
				2C2C2AA724C1997F00EC9652 /* Assets.xcassets */,
				2C2C2AA924C1997F00EC9652 /* LaunchScreen.storyboard */,
				2C2C2AAC24C1997F00EC9652 /* Info.plist */,
			);
			path = RandomUsersList;
			sourceTree = "<group>";
		};
		2C2C2AB424C1997F00EC9652 /* RandomUsersListTests */ = {
			isa = PBXGroup;
			children = (
				2CCDDF3824C49AA000FA1660 /* AutoMockable */,
				2C08384F24C4C381002898AF /* Utils */,
				2C08384824C4C24A002898AF /* Network */,
				2C2C2AB724C1997F00EC9652 /* Info.plist */,
			);
			path = RandomUsersListTests;
			sourceTree = "<group>";
		};
		2C9F145F24C6EBE3001CF10E /* UI */ = {
			isa = PBXGroup;
			children = (
				2C9F146224C6EC12001CF10E /* View.swift */,
				2C9F146424C6EC6A001CF10E /* TableViewCell.swift */,
				2C9F146624C6EC8A001CF10E /* TableViewCell+ReuseIdentifier.swift */,
				2C9F146024C6EC01001CF10E /* Fontsize.swift */,
				2C9F146824C6EEC9001CF10E /* Spacing.swift */,
				2C9F146E24C6F5E1001CF10E /* UIColor+HexColor.swift */,
			);
			path = UI;
			sourceTree = "<group>";
		};
		2CCDDF0F24C48F5200FA1660 /* Core */ = {
			isa = PBXGroup;
			children = (
				2C2C2A9E24C1997D00EC9652 /* AppDelegate.swift */,
				2C2C2AA024C1997D00EC9652 /* SceneDelegate.swift */,
				2CCDDF1024C48F7800FA1660 /* Assembly */,
				2CCDDF3B24C49E1D00FA1660 /* NetworkLayer */,
				2CCDDF7824C4B3BE00FA1660 /* Extensions */,
				2C9F145F24C6EBE3001CF10E /* UI */,
				2CCDDF3124C496BF00FA1660 /* AutoMockable */,
			);
			path = Core;
			sourceTree = "<group>";
		};
		2CCDDF1024C48F7800FA1660 /* Assembly */ = {
			isa = PBXGroup;
			children = (
				2CCDDF1124C48F9800FA1660 /* Assembly.swift */,
			);
			path = Assembly;
			sourceTree = "<group>";
		};
		2CCDDF1324C48FC100FA1660 /* Features */ = {
			isa = PBXGroup;
			children = (
				2CCDDF1424C48FDC00FA1660 /* List */,
			);
			path = Features;
			sourceTree = "<group>";
		};
		2CCDDF1424C48FDC00FA1660 /* List */ = {
			isa = PBXGroup;
			children = (
				2CCDDF2924C4902C00FA1660 /* View */,
				2CCDDF2D24C4905000FA1660 /* Presenter */,
				2CCDDF2C24C4904B00FA1660 /* Interactor */,
				2CCDDF2B24C4904400FA1660 /* Navigator */,
				2CCDDF2A24C4903100FA1660 /* Infraestructure */,
			);
			path = List;
			sourceTree = "<group>";
		};
		2CCDDF2924C4902C00FA1660 /* View */ = {
			isa = PBXGroup;
			children = (
				2CCDDF1C24C4902800FA1660 /* ListView.swift */,
				2CCDDF1824C4902800FA1660 /* ListViewController.swift */,
				2CCDDF1D24C4902800FA1660 /* ListUI.swift */,
			);
			path = View;
			sourceTree = "<group>";
		};
		2CCDDF2A24C4903100FA1660 /* Infraestructure */ = {
			isa = PBXGroup;
			children = (
				2CCDDF1524C4902800FA1660 /* Assembly+getListViewController.swift */,
			);
			path = Infraestructure;
			sourceTree = "<group>";
		};
		2CCDDF2B24C4904400FA1660 /* Navigator */ = {
			isa = PBXGroup;
			children = (
				2CCDDF1624C4902800FA1660 /* ListNavigator.swift */,
				2CCDDF1B24C4902800FA1660 /* DefaultListNavigator.swift */,
			);
			path = Navigator;
			sourceTree = "<group>";
		};
		2CCDDF2C24C4904B00FA1660 /* Interactor */ = {
			isa = PBXGroup;
			children = (
				2CCDDF1A24C4902800FA1660 /* ListInteractor.swift */,
				2CCDDF1924C4902800FA1660 /* DefaultListInteractor.swift */,
			);
			path = Interactor;
			sourceTree = "<group>";
		};
		2CCDDF2D24C4905000FA1660 /* Presenter */ = {
			isa = PBXGroup;
			children = (
				2CCDDF1724C4902800FA1660 /* ListPresenter.swift */,
				2CCDDF1E24C4902800FA1660 /* DefaultListPresenter.swift */,
			);
			path = Presenter;
			sourceTree = "<group>";
		};
		2CCDDF3124C496BF00FA1660 /* AutoMockable */ = {
			isa = PBXGroup;
			children = (
				2CCDDF3224C496D600FA1660 /* AutoMockable.swift */,
			);
			path = AutoMockable;
			sourceTree = "<group>";
		};
		2CCDDF3824C49AA000FA1660 /* AutoMockable */ = {
			isa = PBXGroup;
			children = (
				2CCDDF3924C49AA000FA1660 /* AutoMockable.generated.swift */,
			);
			path = AutoMockable;
			sourceTree = "<group>";
		};
		2CCDDF3B24C49E1D00FA1660 /* NetworkLayer */ = {
			isa = PBXGroup;
			children = (
				2CCDDF3D24C49E3F00FA1660 /* Service */,
				2CCDDF4024C49E5C00FA1660 /* Protocols */,
				2CCDDF3F24C49E5500FA1660 /* NetworkAssembly */,
				2CCDDF3E24C49E4600FA1660 /* Extensions */,
			);
			path = NetworkLayer;
			sourceTree = "<group>";
		};
		2CCDDF3D24C49E3F00FA1660 /* Service */ = {
			isa = PBXGroup;
			children = (
				2CCDDF4E24C49F6600FA1660 /* Service.swift */,
			);
			path = Service;
			sourceTree = "<group>";
		};
		2CCDDF3E24C49E4600FA1660 /* Extensions */ = {
			isa = PBXGroup;
			children = (
				2CCDDF5024C49F7500FA1660 /* PrimitiveSequence+CustomError.swift */,
				2CCDDF5224C49F8300FA1660 /* TargetType+Default.swift */,
			);
			path = Extensions;
			sourceTree = "<group>";
		};
		2CCDDF3F24C49E5500FA1660 /* NetworkAssembly */ = {
			isa = PBXGroup;
			children = (
				2CCDDF4124C49E7300FA1660 /* NetworkAssembly.swift */,
				2CCDDF4324C49E8A00FA1660 /* NetworkAssembly+Moya.swift */,
				2CCDDF4524C49EA700FA1660 /* NetworkAssembly+ErrorAdapter.swift */,
			);
			path = NetworkAssembly;
			sourceTree = "<group>";
		};
		2CCDDF4024C49E5C00FA1660 /* Protocols */ = {
			isa = PBXGroup;
			children = (
				2CCDDF5424C4A0E300FA1660 /* Endpoint.swift */,
				2CCDDF5624C4A0FD00FA1660 /* Mappable.swift */,
				2CCDDF4724C49EC300FA1660 /* Error */,
			);
			path = Protocols;
			sourceTree = "<group>";
		};
		2CCDDF4724C49EC300FA1660 /* Error */ = {
			isa = PBXGroup;
			children = (
				2CCDDF4A24C49F0900FA1660 /* ErrorAdapter.swift */,
				2CCDDF4824C49ED800FA1660 /* DefaultErrorAdapter.swift */,
				2CCDDF4C24C49F2C00FA1660 /* Error+Message.swift */,
			);
			path = Error;
			sourceTree = "<group>";
		};
		2CCDDF5824C4A44C00FA1660 /* NetworkLayer */ = {
			isa = PBXGroup;
			children = (
				2CCDDF5924C4A46B00FA1660 /* Assembly */,
				2CCDDF5C24C4A4EC00FA1660 /* Main */,
			);
			path = NetworkLayer;
			sourceTree = "<group>";
		};
		2CCDDF5924C4A46B00FA1660 /* Assembly */ = {
			isa = PBXGroup;
			children = (
				2CCDDF5A24C4A4B900FA1660 /* NetworkAssembly+Services.swift */,
			);
			path = Assembly;
			sourceTree = "<group>";
		};
		2CCDDF5C24C4A4EC00FA1660 /* Main */ = {
			isa = PBXGroup;
			children = (
				2CCDDF5D24C4A4FE00FA1660 /* UseCases */,
				2CCDDF5F24C4A51F00FA1660 /* Repository */,
				2CCDDF5E24C4A51600FA1660 /* Service */,
			);
			path = Main;
			sourceTree = "<group>";
		};
		2CCDDF5D24C4A4FE00FA1660 /* UseCases */ = {
			isa = PBXGroup;
			children = (
				2CCDDF7B24C4B4D500FA1660 /* GetRandomUsersUseCase.swift */,
				2CCDDF7D24C4B52F00FA1660 /* GetRandomUsers.swift */,
			);
			path = UseCases;
			sourceTree = "<group>";
		};
		2CCDDF5E24C4A51600FA1660 /* Service */ = {
			isa = PBXGroup;
			children = (
				2CCDDF6F24C4AB9C00FA1660 /* MainService.swift */,
				2CCDDF6324C4A59000FA1660 /* RandomUsers */,
			);
			path = Service;
			sourceTree = "<group>";
		};
		2CCDDF5F24C4A51F00FA1660 /* Repository */ = {
			isa = PBXGroup;
			children = (
				2CCDDF7F24C4B57300FA1660 /* MainRepository.swift */,
				2CCDDF6024C4A52A00FA1660 /* DataSource */,
			);
			path = Repository;
			sourceTree = "<group>";
		};
		2CCDDF6024C4A52A00FA1660 /* DataSource */ = {
			isa = PBXGroup;
			children = (
				2CCDDF6124C4A55F00FA1660 /* MainDataSource.swift */,
				2CCDDF8124C4B62600FA1660 /* API */,
			);
			path = DataSource;
			sourceTree = "<group>";
		};
		2CCDDF6324C4A59000FA1660 /* RandomUsers */ = {
			isa = PBXGroup;
			children = (
				2CCDDF6424C4A5B700FA1660 /* Request */,
				2CCDDF6624C4A5C200FA1660 /* Model */,
				2CCDDF6524C4A5BC00FA1660 /* Endpoint */,
			);
			path = RandomUsers;
			sourceTree = "<group>";
		};
		2CCDDF6424C4A5B700FA1660 /* Request */ = {
			isa = PBXGroup;
			children = (
				2CCDDF6B24C4AA6D00FA1660 /* RandomUsersRequest.swift */,
			);
			path = Request;
			sourceTree = "<group>";
		};
		2CCDDF6524C4A5BC00FA1660 /* Endpoint */ = {
			isa = PBXGroup;
			children = (
				2CCDDF6D24C4AB2D00FA1660 /* RandomUsersEndpoint.swift */,
			);
			path = Endpoint;
			sourceTree = "<group>";
		};
		2CCDDF6624C4A5C200FA1660 /* Model */ = {
			isa = PBXGroup;
			children = (
				2CCDDF7624C4AD3700FA1660 /* User.swift */,
			);
			path = Model;
			sourceTree = "<group>";
		};
		2CCDDF7124C4ABF800FA1660 /* RandomUsers */ = {
			isa = PBXGroup;
			children = (
				2CCDDF7224C4AC1100FA1660 /* Mapper */,
				2CCDDF7324C4AC1C00FA1660 /* Model */,
			);
			path = RandomUsers;
			sourceTree = "<group>";
		};
		2CCDDF7224C4AC1100FA1660 /* Mapper */ = {
			isa = PBXGroup;
			children = (
				2CCDDF7424C4AD1600FA1660 /* RandomUsersApiToDomainMapper.swift */,
			);
			path = Mapper;
			sourceTree = "<group>";
		};
		2CCDDF7324C4AC1C00FA1660 /* Model */ = {
			isa = PBXGroup;
			children = (
				2CCDDF6924C4A9F500FA1660 /* RandomUsersApiResponse.swift */,
				2CCDDF6724C4A5D500FA1660 /* UserApiResponse.swift */,
			);
			path = Model;
			sourceTree = "<group>";
		};
		2CCDDF7824C4B3BE00FA1660 /* Extensions */ = {
			isa = PBXGroup;
			children = (
				2CCDDF7924C4B3CE00FA1660 /* String+MapToDateString.swift */,
				2C9F145D24C6E8EF001CF10E /* Array+RemoveDuplicates.swift */,
				2C9F146A24C6F122001CF10E /* UIViewController+Loading.swift */,
				2C9F146C24C6F3CB001CF10E /* UIViewController+ShowErrorMessage.swift */,
			);
			path = Extensions;
			sourceTree = "<group>";
		};
		2CCDDF8124C4B62600FA1660 /* API */ = {
			isa = PBXGroup;
			children = (
				2CCDDF8224C4B64000FA1660 /* MainApiDataSource.swift */,
				2CCDDF7124C4ABF800FA1660 /* RandomUsers */,
			);
			path = API;
			sourceTree = "<group>";
		};
		BA78DC48818008AA50C33279 /* Pods */ = {
			isa = PBXGroup;
			children = (
				2C34FCFECF29693F61DBCC30 /* Pods-RandomUsersList.debug.xcconfig */,
				F6DDC68C7633A5E7F57D2932 /* Pods-RandomUsersList.release.xcconfig */,
				16F52A246CA6B486DE4D9AB3 /* Pods-RandomUsersListTests.debug.xcconfig */,
				16799DCDE977C6E1C1FFCF5C /* Pods-RandomUsersListTests.release.xcconfig */,
			);
			path = Pods;
			sourceTree = "<group>";
		};
/* End PBXGroup section */

/* Begin PBXNativeTarget section */
		2C2C2A9A24C1997C00EC9652 /* RandomUsersList */ = {
			isa = PBXNativeTarget;
			buildConfigurationList = 2C2C2ABA24C1997F00EC9652 /* Build configuration list for PBXNativeTarget "RandomUsersList" */;
			buildPhases = (
				7C23FCAF3F16B1B794815BC2 /* [CP] Check Pods Manifest.lock */,
				2C2C2A9724C1997C00EC9652 /* Sources */,
				2C2C2A9824C1997C00EC9652 /* Frameworks */,
				2C2C2A9924C1997C00EC9652 /* Resources */,
				2CCDDF2F24C4939300FA1660 /* SwiftLint */,
				2CCDDF3024C4958E00FA1660 /* Unused */,
				2CCDDF3724C49A7A00FA1660 /* AutoMockable */,
				8B318D4355463A1206AA800E /* [CP] Embed Pods Frameworks */,
			);
			buildRules = (
			);
			dependencies = (
			);
			name = RandomUsersList;
			productName = RandomUsersList;
			productReference = 2C2C2A9B24C1997D00EC9652 /* RandomUsersList.app */;
			productType = "com.apple.product-type.application";
		};
		2C2C2AB024C1997F00EC9652 /* RandomUsersListTests */ = {
			isa = PBXNativeTarget;
			buildConfigurationList = 2C2C2ABD24C1997F00EC9652 /* Build configuration list for PBXNativeTarget "RandomUsersListTests" */;
			buildPhases = (
				ED211C8561ECAA3F746153D4 /* [CP] Check Pods Manifest.lock */,
				2C2C2AAD24C1997F00EC9652 /* Sources */,
				2C2C2AAE24C1997F00EC9652 /* Frameworks */,
				2C2C2AAF24C1997F00EC9652 /* Resources */,
				7312696CA2A19F2E8BCEDCF8 /* [CP] Embed Pods Frameworks */,
			);
			buildRules = (
			);
			dependencies = (
				2C2C2AB324C1997F00EC9652 /* PBXTargetDependency */,
			);
			name = RandomUsersListTests;
			productName = RandomUsersListTests;
			productReference = 2C2C2AB124C1997F00EC9652 /* RandomUsersListTests.xctest */;
			productType = "com.apple.product-type.bundle.unit-test";
		};
/* End PBXNativeTarget section */

/* Begin PBXProject section */
		2C2C2A9324C1997C00EC9652 /* Project object */ = {
			isa = PBXProject;
			attributes = {
				LastSwiftUpdateCheck = 1150;
				LastUpgradeCheck = 1150;
				ORGANIZATIONNAME = "Carles Grau";
				TargetAttributes = {
					2C2C2A9A24C1997C00EC9652 = {
						CreatedOnToolsVersion = 11.5;
					};
					2C2C2AB024C1997F00EC9652 = {
						CreatedOnToolsVersion = 11.5;
						TestTargetID = 2C2C2A9A24C1997C00EC9652;
					};
				};
			};
			buildConfigurationList = 2C2C2A9624C1997C00EC9652 /* Build configuration list for PBXProject "RandomUsersList" */;
			compatibilityVersion = "Xcode 9.3";
			developmentRegion = en;
			hasScannedForEncodings = 0;
			knownRegions = (
				en,
				Base,
			);
			mainGroup = 2C2C2A9224C1997C00EC9652;
			productRefGroup = 2C2C2A9C24C1997D00EC9652 /* Products */;
			projectDirPath = "";
			projectRoot = "";
			targets = (
				2C2C2A9A24C1997C00EC9652 /* RandomUsersList */,
				2C2C2AB024C1997F00EC9652 /* RandomUsersListTests */,
			);
		};
/* End PBXProject section */

/* Begin PBXResourcesBuildPhase section */
		2C2C2A9924C1997C00EC9652 /* Resources */ = {
			isa = PBXResourcesBuildPhase;
			buildActionMask = 2147483647;
			files = (
				2C2C2AAB24C1997F00EC9652 /* LaunchScreen.storyboard in Resources */,
				2C2C2AA824C1997F00EC9652 /* Assets.xcassets in Resources */,
			);
			runOnlyForDeploymentPostprocessing = 0;
		};
		2C2C2AAF24C1997F00EC9652 /* Resources */ = {
			isa = PBXResourcesBuildPhase;
			buildActionMask = 2147483647;
			files = (
				2C08384E24C4C357002898AF /* RandomUsers.ok.json in Resources */,
			);
			runOnlyForDeploymentPostprocessing = 0;
		};
/* End PBXResourcesBuildPhase section */

/* Begin PBXShellScriptBuildPhase section */
		2CCDDF2F24C4939300FA1660 /* SwiftLint */ = {
			isa = PBXShellScriptBuildPhase;
			buildActionMask = 2147483647;
			files = (
			);
			inputFileListPaths = (
			);
			inputPaths = (
			);
			name = SwiftLint;
			outputFileListPaths = (
			);
			outputPaths = (
			);
			runOnlyForDeploymentPostprocessing = 0;
			shellPath = /bin/sh;
			shellScript = "\"${PODS_ROOT}/SwiftLint/swiftlint\"\n";
		};
		2CCDDF3024C4958E00FA1660 /* Unused */ = {
			isa = PBXShellScriptBuildPhase;
			buildActionMask = 2147483647;
			files = (
			);
			inputFileListPaths = (
			);
			inputPaths = (
			);
			name = Unused;
			outputFileListPaths = (
			);
			outputPaths = (
			);
			runOnlyForDeploymentPostprocessing = 0;
			shellPath = /bin/sh;
			shellScript = "${SRCROOT}/unused.rb xcode\n";
		};
		2CCDDF3724C49A7A00FA1660 /* AutoMockable */ = {
			isa = PBXShellScriptBuildPhase;
			buildActionMask = 2147483647;
			files = (
			);
			inputFileListPaths = (
			);
			inputPaths = (
			);
			name = AutoMockable;
			outputFileListPaths = (
			);
			outputPaths = (
			);
			runOnlyForDeploymentPostprocessing = 0;
			shellPath = /bin/sh;
			shellScript = "$PODS_ROOT/Sourcery/bin/sourcery --sources ./ --templates ./Templates/Sourcery --output ./RandomUsersListTests/AutoMockable\n";
		};
		7312696CA2A19F2E8BCEDCF8 /* [CP] Embed Pods Frameworks */ = {
			isa = PBXShellScriptBuildPhase;
			buildActionMask = 2147483647;
			files = (
			);
			inputFileListPaths = (
				"${PODS_ROOT}/Target Support Files/Pods-RandomUsersListTests/Pods-RandomUsersListTests-frameworks-${CONFIGURATION}-input-files.xcfilelist",
			);
			name = "[CP] Embed Pods Frameworks";
			outputFileListPaths = (
				"${PODS_ROOT}/Target Support Files/Pods-RandomUsersListTests/Pods-RandomUsersListTests-frameworks-${CONFIGURATION}-output-files.xcfilelist",
			);
			runOnlyForDeploymentPostprocessing = 0;
			shellPath = /bin/sh;
			shellScript = "\"${PODS_ROOT}/Target Support Files/Pods-RandomUsersListTests/Pods-RandomUsersListTests-frameworks.sh\"\n";
			showEnvVarsInLog = 0;
		};
		7C23FCAF3F16B1B794815BC2 /* [CP] Check Pods Manifest.lock */ = {
			isa = PBXShellScriptBuildPhase;
			buildActionMask = 2147483647;
			files = (
			);
			inputFileListPaths = (
			);
			inputPaths = (
				"${PODS_PODFILE_DIR_PATH}/Podfile.lock",
				"${PODS_ROOT}/Manifest.lock",
			);
			name = "[CP] Check Pods Manifest.lock";
			outputFileListPaths = (
			);
			outputPaths = (
				"$(DERIVED_FILE_DIR)/Pods-RandomUsersList-checkManifestLockResult.txt",
			);
			runOnlyForDeploymentPostprocessing = 0;
			shellPath = /bin/sh;
			shellScript = "diff \"${PODS_PODFILE_DIR_PATH}/Podfile.lock\" \"${PODS_ROOT}/Manifest.lock\" > /dev/null\nif [ $? != 0 ] ; then\n    # print error to STDERR\n    echo \"error: The sandbox is not in sync with the Podfile.lock. Run 'pod install' or update your CocoaPods installation.\" >&2\n    exit 1\nfi\n# This output is used by Xcode 'outputs' to avoid re-running this script phase.\necho \"SUCCESS\" > \"${SCRIPT_OUTPUT_FILE_0}\"\n";
			showEnvVarsInLog = 0;
		};
		8B318D4355463A1206AA800E /* [CP] Embed Pods Frameworks */ = {
			isa = PBXShellScriptBuildPhase;
			buildActionMask = 2147483647;
			files = (
			);
			inputFileListPaths = (
				"${PODS_ROOT}/Target Support Files/Pods-RandomUsersList/Pods-RandomUsersList-frameworks-${CONFIGURATION}-input-files.xcfilelist",
			);
			name = "[CP] Embed Pods Frameworks";
			outputFileListPaths = (
				"${PODS_ROOT}/Target Support Files/Pods-RandomUsersList/Pods-RandomUsersList-frameworks-${CONFIGURATION}-output-files.xcfilelist",
			);
			runOnlyForDeploymentPostprocessing = 0;
			shellPath = /bin/sh;
			shellScript = "\"${PODS_ROOT}/Target Support Files/Pods-RandomUsersList/Pods-RandomUsersList-frameworks.sh\"\n";
			showEnvVarsInLog = 0;
		};
		ED211C8561ECAA3F746153D4 /* [CP] Check Pods Manifest.lock */ = {
			isa = PBXShellScriptBuildPhase;
			buildActionMask = 2147483647;
			files = (
			);
			inputFileListPaths = (
			);
			inputPaths = (
				"${PODS_PODFILE_DIR_PATH}/Podfile.lock",
				"${PODS_ROOT}/Manifest.lock",
			);
			name = "[CP] Check Pods Manifest.lock";
			outputFileListPaths = (
			);
			outputPaths = (
				"$(DERIVED_FILE_DIR)/Pods-RandomUsersListTests-checkManifestLockResult.txt",
			);
			runOnlyForDeploymentPostprocessing = 0;
			shellPath = /bin/sh;
			shellScript = "diff \"${PODS_PODFILE_DIR_PATH}/Podfile.lock\" \"${PODS_ROOT}/Manifest.lock\" > /dev/null\nif [ $? != 0 ] ; then\n    # print error to STDERR\n    echo \"error: The sandbox is not in sync with the Podfile.lock. Run 'pod install' or update your CocoaPods installation.\" >&2\n    exit 1\nfi\n# This output is used by Xcode 'outputs' to avoid re-running this script phase.\necho \"SUCCESS\" > \"${SCRIPT_OUTPUT_FILE_0}\"\n";
			showEnvVarsInLog = 0;
		};
/* End PBXShellScriptBuildPhase section */

/* Begin PBXSourcesBuildPhase section */
		2C2C2A9724C1997C00EC9652 /* Sources */ = {
			isa = PBXSourcesBuildPhase;
			buildActionMask = 2147483647;
			files = (
				2CCDDF4424C49E8A00FA1660 /* NetworkAssembly+Moya.swift in Sources */,
				2CCDDF7524C4AD1600FA1660 /* RandomUsersApiToDomainMapper.swift in Sources */,
				2C9F146924C6EEC9001CF10E /* Spacing.swift in Sources */,
				2CCDDF4624C49EA700FA1660 /* NetworkAssembly+ErrorAdapter.swift in Sources */,
				2CCDDF7024C4AB9C00FA1660 /* MainService.swift in Sources */,
				2CCDDF8024C4B57300FA1660 /* MainRepository.swift in Sources */,
				2C2C2A9F24C1997D00EC9652 /* AppDelegate.swift in Sources */,
				2CCDDF2724C4902800FA1660 /* ListUI.swift in Sources */,
				2C9F146724C6EC8A001CF10E /* TableViewCell+ReuseIdentifier.swift in Sources */,
				2CCDDF6E24C4AB2D00FA1660 /* RandomUsersEndpoint.swift in Sources */,
				2CCDDF7A24C4B3CE00FA1660 /* String+MapToDateString.swift in Sources */,
				2CCDDF6A24C4A9F500FA1660 /* RandomUsersApiResponse.swift in Sources */,
				2CCDDF3324C496D600FA1660 /* AutoMockable.swift in Sources */,
				2C9F146F24C6F5E1001CF10E /* UIColor+HexColor.swift in Sources */,
				2CCDDF1F24C4902800FA1660 /* Assembly+getListViewController.swift in Sources */,
				2CCDDF7C24C4B4D500FA1660 /* GetRandomUsersUseCase.swift in Sources */,
				2C9F145E24C6E8EF001CF10E /* Array+RemoveDuplicates.swift in Sources */,
				2CCDDF2324C4902800FA1660 /* DefaultListInteractor.swift in Sources */,
				2CCDDF2424C4902800FA1660 /* ListInteractor.swift in Sources */,
				2CCDDF6224C4A55F00FA1660 /* MainDataSource.swift in Sources */,
				2CCDDF4F24C49F6600FA1660 /* Service.swift in Sources */,
				2CCDDF4D24C49F2C00FA1660 /* Error+Message.swift in Sources */,
				2CCDDF5524C4A0E300FA1660 /* Endpoint.swift in Sources */,
				2CCDDF5124C49F7500FA1660 /* PrimitiveSequence+CustomError.swift in Sources */,
				2CCDDF1224C48F9800FA1660 /* Assembly.swift in Sources */,
				2C9F146524C6EC6A001CF10E /* TableViewCell.swift in Sources */,
				2CCDDF5324C49F8300FA1660 /* TargetType+Default.swift in Sources */,
				2CCDDF7E24C4B52F00FA1660 /* GetRandomUsers.swift in Sources */,
				2CCDDF2024C4902800FA1660 /* ListNavigator.swift in Sources */,
				2CCDDF4224C49E7300FA1660 /* NetworkAssembly.swift in Sources */,
				2C9F146324C6EC12001CF10E /* View.swift in Sources */,
				2CCDDF5724C4A0FD00FA1660 /* Mappable.swift in Sources */,
				2CCDDF2124C4902800FA1660 /* ListPresenter.swift in Sources */,
				2CCDDF4B24C49F0900FA1660 /* ErrorAdapter.swift in Sources */,
				2C9F146D24C6F3CB001CF10E /* UIViewController+ShowErrorMessage.swift in Sources */,
				2C9F146B24C6F122001CF10E /* UIViewController+Loading.swift in Sources */,
				2CCDDF7724C4AD3700FA1660 /* User.swift in Sources */,
				2CCDDF6824C4A5D500FA1660 /* UserApiResponse.swift in Sources */,
				2CCDDF2824C4902800FA1660 /* DefaultListPresenter.swift in Sources */,
				2C2C2AA124C1997D00EC9652 /* SceneDelegate.swift in Sources */,
				2CCDDF2624C4902800FA1660 /* ListView.swift in Sources */,
				2CCDDF6C24C4AA6D00FA1660 /* RandomUsersRequest.swift in Sources */,
				2CCDDF2224C4902800FA1660 /* ListViewController.swift in Sources */,
				2CCDDF4924C49ED800FA1660 /* DefaultErrorAdapter.swift in Sources */,
				2CCDDF5B24C4A4B900FA1660 /* NetworkAssembly+Services.swift in Sources */,
				2CCDDF8324C4B64000FA1660 /* MainApiDataSource.swift in Sources */,
				2C9F146124C6EC01001CF10E /* Fontsize.swift in Sources */,
				2CCDDF2524C4902800FA1660 /* DefaultListNavigator.swift in Sources */,
			);
			runOnlyForDeploymentPostprocessing = 0;
		};
		2C2C2AAD24C1997F00EC9652 /* Sources */ = {
			isa = PBXSourcesBuildPhase;
			buildActionMask = 2147483647;
			files = (
				2C08384B24C4C273002898AF /* MainSpec.swift in Sources */,
				2CCDDF3A24C49AA000FA1660 /* AutoMockable.generated.swift in Sources */,
				2C08385124C4C390002898AF /* Fixture.swift in Sources */,
			);
			runOnlyForDeploymentPostprocessing = 0;
		};
/* End PBXSourcesBuildPhase section */

/* Begin PBXTargetDependency section */
		2C2C2AB324C1997F00EC9652 /* PBXTargetDependency */ = {
			isa = PBXTargetDependency;
			target = 2C2C2A9A24C1997C00EC9652 /* RandomUsersList */;
			targetProxy = 2C2C2AB224C1997F00EC9652 /* PBXContainerItemProxy */;
		};
/* End PBXTargetDependency section */

/* Begin PBXVariantGroup section */
		2C2C2AA924C1997F00EC9652 /* LaunchScreen.storyboard */ = {
			isa = PBXVariantGroup;
			children = (
				2C2C2AAA24C1997F00EC9652 /* Base */,
			);
			name = LaunchScreen.storyboard;
			sourceTree = "<group>";
		};
/* End PBXVariantGroup section */

/* Begin XCBuildConfiguration section */
		2C2C2AB824C1997F00EC9652 /* Debug */ = {
			isa = XCBuildConfiguration;
			buildSettings = {
				ALWAYS_SEARCH_USER_PATHS = NO;
				CLANG_ANALYZER_NONNULL = YES;
				CLANG_ANALYZER_NUMBER_OBJECT_CONVERSION = YES_AGGRESSIVE;
				CLANG_CXX_LANGUAGE_STANDARD = "gnu++14";
				CLANG_CXX_LIBRARY = "libc++";
				CLANG_ENABLE_MODULES = YES;
				CLANG_ENABLE_OBJC_ARC = YES;
				CLANG_ENABLE_OBJC_WEAK = YES;
				CLANG_WARN_BLOCK_CAPTURE_AUTORELEASING = YES;
				CLANG_WARN_BOOL_CONVERSION = YES;
				CLANG_WARN_COMMA = YES;
				CLANG_WARN_CONSTANT_CONVERSION = YES;
				CLANG_WARN_DEPRECATED_OBJC_IMPLEMENTATIONS = YES;
				CLANG_WARN_DIRECT_OBJC_ISA_USAGE = YES_ERROR;
				CLANG_WARN_DOCUMENTATION_COMMENTS = YES;
				CLANG_WARN_EMPTY_BODY = YES;
				CLANG_WARN_ENUM_CONVERSION = YES;
				CLANG_WARN_INFINITE_RECURSION = YES;
				CLANG_WARN_INT_CONVERSION = YES;
				CLANG_WARN_NON_LITERAL_NULL_CONVERSION = YES;
				CLANG_WARN_OBJC_IMPLICIT_RETAIN_SELF = YES;
				CLANG_WARN_OBJC_LITERAL_CONVERSION = YES;
				CLANG_WARN_OBJC_ROOT_CLASS = YES_ERROR;
				CLANG_WARN_RANGE_LOOP_ANALYSIS = YES;
				CLANG_WARN_STRICT_PROTOTYPES = YES;
				CLANG_WARN_SUSPICIOUS_MOVE = YES;
				CLANG_WARN_UNGUARDED_AVAILABILITY = YES_AGGRESSIVE;
				CLANG_WARN_UNREACHABLE_CODE = YES;
				CLANG_WARN__DUPLICATE_METHOD_MATCH = YES;
				COPY_PHASE_STRIP = NO;
				DEBUG_INFORMATION_FORMAT = dwarf;
				ENABLE_STRICT_OBJC_MSGSEND = YES;
				ENABLE_TESTABILITY = YES;
				GCC_C_LANGUAGE_STANDARD = gnu11;
				GCC_DYNAMIC_NO_PIC = NO;
				GCC_NO_COMMON_BLOCKS = YES;
				GCC_OPTIMIZATION_LEVEL = 0;
				GCC_PREPROCESSOR_DEFINITIONS = (
					"DEBUG=1",
					"$(inherited)",
				);
				GCC_WARN_64_TO_32_BIT_CONVERSION = YES;
				GCC_WARN_ABOUT_RETURN_TYPE = YES_ERROR;
				GCC_WARN_UNDECLARED_SELECTOR = YES;
				GCC_WARN_UNINITIALIZED_AUTOS = YES_AGGRESSIVE;
				GCC_WARN_UNUSED_FUNCTION = YES;
				GCC_WARN_UNUSED_VARIABLE = YES;
				IPHONEOS_DEPLOYMENT_TARGET = 13.0;
				MTL_ENABLE_DEBUG_INFO = INCLUDE_SOURCE;
				MTL_FAST_MATH = YES;
				ONLY_ACTIVE_ARCH = YES;
				SDKROOT = iphoneos;
				SWIFT_ACTIVE_COMPILATION_CONDITIONS = DEBUG;
				SWIFT_OPTIMIZATION_LEVEL = "-Onone";
			};
			name = Debug;
		};
		2C2C2AB924C1997F00EC9652 /* Release */ = {
			isa = XCBuildConfiguration;
			buildSettings = {
				ALWAYS_SEARCH_USER_PATHS = NO;
				CLANG_ANALYZER_NONNULL = YES;
				CLANG_ANALYZER_NUMBER_OBJECT_CONVERSION = YES_AGGRESSIVE;
				CLANG_CXX_LANGUAGE_STANDARD = "gnu++14";
				CLANG_CXX_LIBRARY = "libc++";
				CLANG_ENABLE_MODULES = YES;
				CLANG_ENABLE_OBJC_ARC = YES;
				CLANG_ENABLE_OBJC_WEAK = YES;
				CLANG_WARN_BLOCK_CAPTURE_AUTORELEASING = YES;
				CLANG_WARN_BOOL_CONVERSION = YES;
				CLANG_WARN_COMMA = YES;
				CLANG_WARN_CONSTANT_CONVERSION = YES;
				CLANG_WARN_DEPRECATED_OBJC_IMPLEMENTATIONS = YES;
				CLANG_WARN_DIRECT_OBJC_ISA_USAGE = YES_ERROR;
				CLANG_WARN_DOCUMENTATION_COMMENTS = YES;
				CLANG_WARN_EMPTY_BODY = YES;
				CLANG_WARN_ENUM_CONVERSION = YES;
				CLANG_WARN_INFINITE_RECURSION = YES;
				CLANG_WARN_INT_CONVERSION = YES;
				CLANG_WARN_NON_LITERAL_NULL_CONVERSION = YES;
				CLANG_WARN_OBJC_IMPLICIT_RETAIN_SELF = YES;
				CLANG_WARN_OBJC_LITERAL_CONVERSION = YES;
				CLANG_WARN_OBJC_ROOT_CLASS = YES_ERROR;
				CLANG_WARN_RANGE_LOOP_ANALYSIS = YES;
				CLANG_WARN_STRICT_PROTOTYPES = YES;
				CLANG_WARN_SUSPICIOUS_MOVE = YES;
				CLANG_WARN_UNGUARDED_AVAILABILITY = YES_AGGRESSIVE;
				CLANG_WARN_UNREACHABLE_CODE = YES;
				CLANG_WARN__DUPLICATE_METHOD_MATCH = YES;
				COPY_PHASE_STRIP = NO;
				DEBUG_INFORMATION_FORMAT = "dwarf-with-dsym";
				ENABLE_NS_ASSERTIONS = NO;
				ENABLE_STRICT_OBJC_MSGSEND = YES;
				GCC_C_LANGUAGE_STANDARD = gnu11;
				GCC_NO_COMMON_BLOCKS = YES;
				GCC_WARN_64_TO_32_BIT_CONVERSION = YES;
				GCC_WARN_ABOUT_RETURN_TYPE = YES_ERROR;
				GCC_WARN_UNDECLARED_SELECTOR = YES;
				GCC_WARN_UNINITIALIZED_AUTOS = YES_AGGRESSIVE;
				GCC_WARN_UNUSED_FUNCTION = YES;
				GCC_WARN_UNUSED_VARIABLE = YES;
				IPHONEOS_DEPLOYMENT_TARGET = 13.0;
				MTL_ENABLE_DEBUG_INFO = NO;
				MTL_FAST_MATH = YES;
				SDKROOT = iphoneos;
				SWIFT_COMPILATION_MODE = wholemodule;
				SWIFT_OPTIMIZATION_LEVEL = "-O";
				VALIDATE_PRODUCT = YES;
			};
			name = Release;
		};
		2C2C2ABB24C1997F00EC9652 /* Debug */ = {
			isa = XCBuildConfiguration;
			baseConfigurationReference = 2C34FCFECF29693F61DBCC30 /* Pods-RandomUsersList.debug.xcconfig */;
			buildSettings = {
				ASSETCATALOG_COMPILER_APPICON_NAME = AppIcon;
				CODE_SIGN_STYLE = Automatic;
				DEVELOPMENT_TEAM = V6W2T33465;
				INFOPLIST_FILE = RandomUsersList/Info.plist;
				LD_RUNPATH_SEARCH_PATHS = (
					"$(inherited)",
					"@executable_path/Frameworks",
				);
				PRODUCT_BUNDLE_IDENTIFIER = norolim.RandomUsersList;
				PRODUCT_NAME = "$(TARGET_NAME)";
				SWIFT_VERSION = 5.0;
				TARGETED_DEVICE_FAMILY = "1,2";
			};
			name = Debug;
		};
		2C2C2ABC24C1997F00EC9652 /* Release */ = {
			isa = XCBuildConfiguration;
			baseConfigurationReference = F6DDC68C7633A5E7F57D2932 /* Pods-RandomUsersList.release.xcconfig */;
			buildSettings = {
				ASSETCATALOG_COMPILER_APPICON_NAME = AppIcon;
				CODE_SIGN_STYLE = Automatic;
				DEVELOPMENT_TEAM = V6W2T33465;
				INFOPLIST_FILE = RandomUsersList/Info.plist;
				LD_RUNPATH_SEARCH_PATHS = (
					"$(inherited)",
					"@executable_path/Frameworks",
				);
				PRODUCT_BUNDLE_IDENTIFIER = norolim.RandomUsersList;
				PRODUCT_NAME = "$(TARGET_NAME)";
				SWIFT_VERSION = 5.0;
				TARGETED_DEVICE_FAMILY = "1,2";
			};
			name = Release;
		};
		2C2C2ABE24C1997F00EC9652 /* Debug */ = {
			isa = XCBuildConfiguration;
			baseConfigurationReference = 16F52A246CA6B486DE4D9AB3 /* Pods-RandomUsersListTests.debug.xcconfig */;
			buildSettings = {
				ALWAYS_EMBED_SWIFT_STANDARD_LIBRARIES = YES;
				BUNDLE_LOADER = "$(TEST_HOST)";
				CODE_SIGN_STYLE = Automatic;
				DEVELOPMENT_TEAM = V6W2T33465;
				INFOPLIST_FILE = RandomUsersListTests/Info.plist;
				IPHONEOS_DEPLOYMENT_TARGET = 13.5;
				LD_RUNPATH_SEARCH_PATHS = (
					"$(inherited)",
					"@executable_path/Frameworks",
					"@loader_path/Frameworks",
				);
				PRODUCT_BUNDLE_IDENTIFIER = norolim.RandomUsersListTests;
				PRODUCT_NAME = "$(TARGET_NAME)";
				SWIFT_VERSION = 5.0;
				TARGETED_DEVICE_FAMILY = "1,2";
				TEST_HOST = "$(BUILT_PRODUCTS_DIR)/RandomUsersList.app/RandomUsersList";
			};
			name = Debug;
		};
		2C2C2ABF24C1997F00EC9652 /* Release */ = {
			isa = XCBuildConfiguration;
			baseConfigurationReference = 16799DCDE977C6E1C1FFCF5C /* Pods-RandomUsersListTests.release.xcconfig */;
			buildSettings = {
				ALWAYS_EMBED_SWIFT_STANDARD_LIBRARIES = YES;
				BUNDLE_LOADER = "$(TEST_HOST)";
				CODE_SIGN_STYLE = Automatic;
				DEVELOPMENT_TEAM = V6W2T33465;
				INFOPLIST_FILE = RandomUsersListTests/Info.plist;
				IPHONEOS_DEPLOYMENT_TARGET = 13.5;
				LD_RUNPATH_SEARCH_PATHS = (
					"$(inherited)",
					"@executable_path/Frameworks",
					"@loader_path/Frameworks",
				);
				PRODUCT_BUNDLE_IDENTIFIER = norolim.RandomUsersListTests;
				PRODUCT_NAME = "$(TARGET_NAME)";
				SWIFT_VERSION = 5.0;
				TARGETED_DEVICE_FAMILY = "1,2";
				TEST_HOST = "$(BUILT_PRODUCTS_DIR)/RandomUsersList.app/RandomUsersList";
			};
			name = Release;
		};
/* End XCBuildConfiguration section */

/* Begin XCConfigurationList section */
		2C2C2A9624C1997C00EC9652 /* Build configuration list for PBXProject "RandomUsersList" */ = {
			isa = XCConfigurationList;
			buildConfigurations = (
				2C2C2AB824C1997F00EC9652 /* Debug */,
				2C2C2AB924C1997F00EC9652 /* Release */,
			);
			defaultConfigurationIsVisible = 0;
			defaultConfigurationName = Release;
		};
		2C2C2ABA24C1997F00EC9652 /* Build configuration list for PBXNativeTarget "RandomUsersList" */ = {
			isa = XCConfigurationList;
			buildConfigurations = (
				2C2C2ABB24C1997F00EC9652 /* Debug */,
				2C2C2ABC24C1997F00EC9652 /* Release */,
			);
			defaultConfigurationIsVisible = 0;
			defaultConfigurationName = Release;
		};
		2C2C2ABD24C1997F00EC9652 /* Build configuration list for PBXNativeTarget "RandomUsersListTests" */ = {
			isa = XCConfigurationList;
			buildConfigurations = (
				2C2C2ABE24C1997F00EC9652 /* Debug */,
				2C2C2ABF24C1997F00EC9652 /* Release */,
			);
			defaultConfigurationIsVisible = 0;
			defaultConfigurationName = Release;
		};
/* End XCConfigurationList section */
	};
	rootObject = 2C2C2A9324C1997C00EC9652 /* Project object */;
}
